
Microsoft Visual Studio Solution File, Format Version 12.00
# Visual Studio Version 17
VisualStudioVersion = 17.3.32929.385
MinimumVisualStudioVersion = 10.0.40219.1
Project("{FAE04EC0-301F-11D3-BF4B-00C04F79EFBC}") = "Labs_CSharp", "Labs_CSharp\Labs_CSharp.csproj", "{0AD388FA-A601-42EB-ACE4-BA7FF458FC59}"
EndProject
Project("{2150E333-8FDC-42A3-9474-1A3956D46DE8}") = "Solution Items", "Solution Items", "{CDEFF7D0-10A7-4417-8798-5170A22A8428}"
	ProjectSection(SolutionItems) = preProject
		.editorconfig = .editorconfig
	EndProjectSection
EndProject
Global
	GlobalSection(SolutionConfigurationPlatforms) = preSolution
		Debug|Any CPU = Debug|Any CPU
		Release|Any CPU = Release|Any CPU
	EndGlobalSection
	GlobalSection(ProjectConfigurationPlatforms) = postSolution
		{0AD388FA-A601-42EB-ACE4-BA7FF458FC59}.Debug|Any CPU.ActiveCfg = Debug|Any CPU
		{0AD388FA-A601-42EB-ACE4-BA7FF458FC59}.Debug|Any CPU.Build.0 = Debug|Any CPU
		{0AD388FA-A601-42EB-ACE4-BA7FF458FC59}.Release|Any CPU.ActiveCfg = Release|Any CPU
		{0AD388FA-A601-42EB-ACE4-BA7FF458FC59}.Release|Any CPU.Build.0 = Release|Any CPU
	EndGlobalSection
	GlobalSection(SolutionProperties) = preSolution
		HideSolutionNode = FALSE
	EndGlobalSection
	GlobalSection(ExtensibilityGlobals) = postSolution
		SolutionGuid = {6384723E-B455-4F73-A60F-C57ECD3C9CE1}
	EndGlobalSection
EndGlobal
